
Microsoft Visual Studio Solution File, Format Version 12.00
# Visual Studio Version 17
VisualStudioVersion = 17.3.32929.385
MinimumVisualStudioVersion = 10.0.40219.1
Project("{FAE04EC0-301F-11D3-BF4B-00C04F79EFBC}") = "Miamo1.Android", "Miamo1\Miamo1.Android\Miamo1.Android.csproj", "{669F0D09-CD8C-4822-99E6-EBE9EEFCC707}"
EndProject
Project("{FAE04EC0-301F-11D3-BF4B-00C04F79EFBC}") = "Miamo1", "Miamo1\Miamo1\Miamo1.csproj", "{C91019D8-195F-4C05-8CDB-8687C0B7192F}"
EndProject
Global
	GlobalSection(SolutionConfigurationPlatforms) = preSolution
		Debug|Any CPU = Debug|Any CPU
		Release|Any CPU = Release|Any CPU
	EndGlobalSection
	GlobalSection(ProjectConfigurationPlatforms) = postSolution
		{669F0D09-CD8C-4822-99E6-EBE9EEFCC707}.Debug|Any CPU.ActiveCfg = Debug|Any CPU
		{669F0D09-CD8C-4822-99E6-EBE9EEFCC707}.Debug|Any CPU.Build.0 = Debug|Any CPU
		{669F0D09-CD8C-4822-99E6-EBE9EEFCC707}.Debug|Any CPU.Deploy.0 = Debug|Any CPU
		{669F0D09-CD8C-4822-99E6-EBE9EEFCC707}.Release|Any CPU.ActiveCfg = Release|Any CPU
		{669F0D09-CD8C-4822-99E6-EBE9EEFCC707}.Release|Any CPU.Build.0 = Release|Any CPU
		{669F0D09-CD8C-4822-99E6-EBE9EEFCC707}.Release|Any CPU.Deploy.0 = Release|Any CPU
		{C91019D8-195F-4C05-8CDB-8687C0B7192F}.Debug|Any CPU.ActiveCfg = Debug|Any CPU
		{C91019D8-195F-4C05-8CDB-8687C0B7192F}.Debug|Any CPU.Build.0 = Debug|Any CPU
		{C91019D8-195F-4C05-8CDB-8687C0B7192F}.Debug|Any CPU.Deploy.0 = Debug|Any CPU
		{C91019D8-195F-4C05-8CDB-8687C0B7192F}.Release|Any CPU.ActiveCfg = Release|Any CPU
		{C91019D8-195F-4C05-8CDB-8687C0B7192F}.Release|Any CPU.Build.0 = Release|Any CPU
		{C91019D8-195F-4C05-8CDB-8687C0B7192F}.Release|Any CPU.Deploy.0 = Release|Any CPU
	EndGlobalSection
	GlobalSection(SolutionProperties) = preSolution
		HideSolutionNode = FALSE
	EndGlobalSection
	GlobalSection(ExtensibilityGlobals) = postSolution
		SolutionGuid = {6E317A09-9E06-4628-9F2A-2F8EF176B95D}
	EndGlobalSection
EndGlobal
